PODS:
  - ReachabilitySwift (4.3.1)
  - Realm (3.18.0):
    - Realm/Headers (= 3.18.0)
  - Realm/Headers (3.18.0)
  - RealmSwift (3.18.0):
    - Realm (= 3.18.0)
  - SDWebImage (5.0.3):
    - SDWebImage/Core (= 5.0.3)
  - SDWebImage/Core (5.0.3)

DEPENDENCIES:
  - ReachabilitySwift
  - RealmSwift
  - SDWebImage (~> 5.0)

SPEC REPOS:
  https://github.com/cocoapods/specs.git:
    - ReachabilitySwift
    - Realm
    - RealmSwift
    - SDWebImage

SPEC CHECKSUMS:
  ReachabilitySwift: 4032e2f59586e11e3b0ebe15b167abdd587a388b
  Realm: 7b3d04740facf45e958a514b466a32b04f1113d6
  RealmSwift: c817b5f374668cf08f649afb05f55d92a787649c
  SDWebImage: d4f87d7d36c8a4d9f9459dc282e0caa057fdf935

PODFILE CHECKSUM: 03a83462bdc99f6a365a829bb7651b9b42b5a9fb

COCOAPODS: 1.7.5
