// !$*UTF8*$!
{
	archiveVersion = 1;
	classes = {
	};
	objectVersion = 51;
	objects = {

/* Begin PBXBuildFile section */
		516DB0F023314296000C1973 /* AppDelegate.swift in Sources */ = {isa = PBXBuildFile; fileRef = 516DB0EF23314296000C1973 /* AppDelegate.swift */; };
		516DB0F523314296000C1973 /* Main.storyboard in Resources */ = {isa = PBXBuildFile; fileRef = 516DB0F323314296000C1973 /* Main.storyboard */; };
		516DB0F72331429C000C1973 /* Assets.xcassets in Resources */ = {isa = PBXBuildFile; fileRef = 516DB0F62331429C000C1973 /* Assets.xcassets */; };
		516DB0FA2331429C000C1973 /* LaunchScreen.storyboard in Resources */ = {isa = PBXBuildFile; fileRef = 516DB0F82331429C000C1973 /* LaunchScreen.storyboard */; };
		516DB106233143F8000C1973 /* MovieModel.swift in Sources */ = {isa = PBXBuildFile; fileRef = 516DB105233143F8000C1973 /* MovieModel.swift */; };
		516DB11D2331D7CB000C1973 /* Movie.xcdatamodeld in Sources */ = {isa = PBXBuildFile; fileRef = 516DB11B2331D7CB000C1973 /* Movie.xcdatamodeld */; };
		517BBE5A235A5D6F007CE353 /* CardView.swift in Sources */ = {isa = PBXBuildFile; fileRef = 517BBE4F235A5D6D007CE353 /* CardView.swift */; };
		517BBE5B235A5D6F007CE353 /* WidgetGenerator.swift in Sources */ = {isa = PBXBuildFile; fileRef = 517BBE50235A5D6D007CE353 /* WidgetGenerator.swift */; };
		517BBE5C235A5D6F007CE353 /* Theme.swift in Sources */ = {isa = PBXBuildFile; fileRef = 517BBE51235A5D6E007CE353 /* Theme.swift */; };
		517BBE5D235A5D6F007CE353 /* Dialog.swift in Sources */ = {isa = PBXBuildFile; fileRef = 517BBE52235A5D6E007CE353 /* Dialog.swift */; };
		517BBE5E235A5D6F007CE353 /* LoadingIndicator.swift in Sources */ = {isa = PBXBuildFile; fileRef = 517BBE53235A5D6E007CE353 /* LoadingIndicator.swift */; };
		517BBE5F235A5D6F007CE353 /* API.swift in Sources */ = {isa = PBXBuildFile; fileRef = 517BBE54235A5D6E007CE353 /* API.swift */; };
		517BBE60235A5D6F007CE353 /* NetworkUtil.swift in Sources */ = {isa = PBXBuildFile; fileRef = 517BBE55235A5D6E007CE353 /* NetworkUtil.swift */; };
		517BBE61235A5D6F007CE353 /* Reachability.swift in Sources */ = {isa = PBXBuildFile; fileRef = 517BBE56235A5D6E007CE353 /* Reachability.swift */; };
		517BBE62235A5D6F007CE353 /* UserDefaultsManager.swift in Sources */ = {isa = PBXBuildFile; fileRef = 517BBE57235A5D6E007CE353 /* UserDefaultsManager.swift */; };
		517BBE63235A5D6F007CE353 /* Extensions.swift in Sources */ = {isa = PBXBuildFile; fileRef = 517BBE58235A5D6E007CE353 /* Extensions.swift */; };
		517BBE64235A5D6F007CE353 /* Routes.swift in Sources */ = {isa = PBXBuildFile; fileRef = 517BBE59235A5D6F007CE353 /* Routes.swift */; };
		517BBE67235A5D9D007CE353 /* BaseModel.swift in Sources */ = {isa = PBXBuildFile; fileRef = 517BBE65235A5D9D007CE353 /* BaseModel.swift */; };
		517BBE68235A5D9D007CE353 /* AuthModel.swift in Sources */ = {isa = PBXBuildFile; fileRef = 517BBE66235A5D9D007CE353 /* AuthModel.swift */; };
		517BBE72235A5DB7007CE353 /* MovieVideoResponse.swift in Sources */ = {isa = PBXBuildFile; fileRef = 517BBE69235A5DB6007CE353 /* MovieVideoResponse.swift */; };
		517BBE73235A5DB7007CE353 /* MovieListResponse.swift in Sources */ = {isa = PBXBuildFile; fileRef = 517BBE6A235A5DB6007CE353 /* MovieListResponse.swift */; };
		517BBE74235A5DB7007CE353 /* RequestTokenResponse.swift in Sources */ = {isa = PBXBuildFile; fileRef = 517BBE6B235A5DB6007CE353 /* RequestTokenResponse.swift */; };
		517BBE75235A5DB7007CE353 /* CreateSessionResponse.swift in Sources */ = {isa = PBXBuildFile; fileRef = 517BBE6C235A5DB6007CE353 /* CreateSessionResponse.swift */; };
		517BBE76235A5DB7007CE353 /* UserAccountResponse.swift in Sources */ = {isa = PBXBuildFile; fileRef = 517BBE6D235A5DB6007CE353 /* UserAccountResponse.swift */; };
		517BBE77235A5DB7007CE353 /* MovieGenreListResponse.swift in Sources */ = {isa = PBXBuildFile; fileRef = 517BBE6E235A5DB6007CE353 /* MovieGenreListResponse.swift */; };
		517BBE78235A5DB7007CE353 /* MovieBookmark.swift in Sources */ = {isa = PBXBuildFile; fileRef = 517BBE6F235A5DB6007CE353 /* MovieBookmark.swift */; };
		517BBE79235A5DB7007CE353 /* MovieGenreResponse.swift in Sources */ = {isa = PBXBuildFile; fileRef = 517BBE70235A5DB7007CE353 /* MovieGenreResponse.swift */; };
		517BBE7A235A5DB7007CE353 /* MovieInfoResponse.swift in Sources */ = {isa = PBXBuildFile; fileRef = 517BBE71235A5DB7007CE353 /* MovieInfoResponse.swift */; };
		517BBE84235A5E09007CE353 /* UserProfileViewController.swift in Sources */ = {isa = PBXBuildFile; fileRef = 517BBE7B235A5E08007CE353 /* UserProfileViewController.swift */; };
		517BBE85235A5E09007CE353 /* BookmarkViewController.swift in Sources */ = {isa = PBXBuildFile; fileRef = 517BBE7C235A5E08007CE353 /* BookmarkViewController.swift */; };
		517BBE86235A5E09007CE353 /* SearchMovieViewController.swift in Sources */ = {isa = PBXBuildFile; fileRef = 517BBE7D235A5E08007CE353 /* SearchMovieViewController.swift */; };
		517BBE87235A5E09007CE353 /* MovieTrailerViewController.swift in Sources */ = {isa = PBXBuildFile; fileRef = 517BBE7E235A5E08007CE353 /* MovieTrailerViewController.swift */; };
		517BBE88235A5E09007CE353 /* GenreListViewController.swift in Sources */ = {isa = PBXBuildFile; fileRef = 517BBE7F235A5E09007CE353 /* GenreListViewController.swift */; };
		517BBE89235A5E09007CE353 /* MovieDetailsViewController.swift in Sources */ = {isa = PBXBuildFile; fileRef = 517BBE80235A5E09007CE353 /* MovieDetailsViewController.swift */; };
		517BBE8A235A5E09007CE353 /* MovieListByGenreViewController.swift in Sources */ = {isa = PBXBuildFile; fileRef = 517BBE81235A5E09007CE353 /* MovieListByGenreViewController.swift */; };
		517BBE8B235A5E09007CE353 /* MovieListViewController.swift in Sources */ = {isa = PBXBuildFile; fileRef = 517BBE82235A5E09007CE353 /* MovieListViewController.swift */; };
		517BBE8C235A5E09007CE353 /* LoginViewController.swift in Sources */ = {isa = PBXBuildFile; fileRef = 517BBE83235A5E09007CE353 /* LoginViewController.swift */; };
		517BBE91235A5E5D007CE353 /* BookmarkCollectionViewCell.swift in Sources */ = {isa = PBXBuildFile; fileRef = 517BBE8D235A5E5C007CE353 /* BookmarkCollectionViewCell.swift */; };
		517BBE92235A5E5D007CE353 /* GenreListTableViewCell.swift in Sources */ = {isa = PBXBuildFile; fileRef = 517BBE8E235A5E5D007CE353 /* GenreListTableViewCell.swift */; };
		517BBE93235A5E5D007CE353 /* MovieListCollectionViewCell.swift in Sources */ = {isa = PBXBuildFile; fileRef = 517BBE8F235A5E5D007CE353 /* MovieListCollectionViewCell.swift */; };
		517BBE99235A5E75007CE353 /* MovieListView.xib in Resources */ = {isa = PBXBuildFile; fileRef = 517BBE96235A5E75007CE353 /* MovieListView.xib */; };
		517BBE9A235A5E75007CE353 /* MovieListView.swift in Sources */ = {isa = PBXBuildFile; fileRef = 517BBE98235A5E75007CE353 /* MovieListView.swift */; };
		517BBE9E235A5E94007CE353 /* MovieBookmark+Extension.swift in Sources */ = {isa = PBXBuildFile; fileRef = 517BBE9B235A5E93007CE353 /* MovieBookmark+Extension.swift */; };
		517BBE9F235A5E94007CE353 /* MovieGenreVO+Extension.swift in Sources */ = {isa = PBXBuildFile; fileRef = 517BBE9C235A5E94007CE353 /* MovieGenreVO+Extension.swift */; };
		517BBEA0235A5E94007CE353 /* MovieVO+Extension.swift in Sources */ = {isa = PBXBuildFile; fileRef = 517BBE9D235A5E94007CE353 /* MovieVO+Extension.swift */; };
		517BBEA3235A5EBE007CE353 /* CoreDataStack.swift in Sources */ = {isa = PBXBuildFile; fileRef = 517BBEA1235A5EBE007CE353 /* CoreDataStack.swift */; };
		517BBEA4235A5EBE007CE353 /* FetchResultControllerManager.swift in Sources */ = {isa = PBXBuildFile; fileRef = 517BBEA2235A5EBE007CE353 /* FetchResultControllerManager.swift */; };
		517BBEA6235A77EE007CE353 /* MovieItemsCollectionViewCell.swift in Sources */ = {isa = PBXBuildFile; fileRef = 517BBEA5235A77EE007CE353 /* MovieItemsCollectionViewCell.swift */; };
		518F5B2E2366D8E1000D6446 /* Navigator.swift in Sources */ = {isa = PBXBuildFile; fileRef = 518F5B2D2366D8E1000D6446 /* Navigator.swift */; };
		518F5B302366DF55000D6446 /* UserModel.swift in Sources */ = {isa = PBXBuildFile; fileRef = 518F5B2F2366DF55000D6446 /* UserModel.swift */; };
		518F5B322366E6AF000D6446 /* GeneralResponse.swift in Sources */ = {isa = PBXBuildFile; fileRef = 518F5B312366E6AF000D6446 /* GeneralResponse.swift */; };
		518F5B342366F79D000D6446 /* RatedMovie+Extensions.swift in Sources */ = {isa = PBXBuildFile; fileRef = 518F5B332366F79D000D6446 /* RatedMovie+Extensions.swift */; };
		518F5B362366F810000D6446 /* WatchListMovie+Extension.swift in Sources */ = {isa = PBXBuildFile; fileRef = 518F5B352366F810000D6446 /* WatchListMovie+Extension.swift */; };
		B666B6D467936C4463CD7BD2 /* Pods_movie_core_data.framework in Frameworks */ = {isa = PBXBuildFile; fileRef = 96CC51AC26AFCB96F19AC332 /* Pods_movie_core_data.framework */; };
/* End PBXBuildFile section */

/* Begin PBXFileReference section */
		11AD258DC3E04BDD16DEC66C /* Pods-movie-core-data.release.xcconfig */ = {isa = PBXFileReference; includeInIndex = 1; lastKnownFileType = text.xcconfig; name = "Pods-movie-core-data.release.xcconfig"; path = "Target Support Files/Pods-movie-core-data/Pods-movie-core-data.release.xcconfig"; sourceTree = "<group>"; };
		516DB0EC23314296000C1973 /* Movie.app */ = {isa = PBXFileReference; explicitFileType = wrapper.application; includeInIndex = 0; path = Movie.app; sourceTree = BUILT_PRODUCTS_DIR; };
		516DB0EF23314296000C1973 /* AppDelegate.swift */ = {isa = PBXFileReference; lastKnownFileType = sourcecode.swift; path = AppDelegate.swift; sourceTree = "<group>"; };
		516DB0F423314296000C1973 /* Base */ = {isa = PBXFileReference; lastKnownFileType = file.storyboard; name = Base; path = Base.lproj/Main.storyboard; sourceTree = "<group>"; };
		516DB0F62331429C000C1973 /* Assets.xcassets */ = {isa = PBXFileReference; lastKnownFileType = folder.assetcatalog; path = Assets.xcassets; sourceTree = "<group>"; };
		516DB0F92331429C000C1973 /* Base */ = {isa = PBXFileReference; lastKnownFileType = file.storyboard; name = Base; path = Base.lproj/LaunchScreen.storyboard; sourceTree = "<group>"; };
		516DB0FB2331429C000C1973 /* Info.plist */ = {isa = PBXFileReference; lastKnownFileType = text.plist.xml; path = Info.plist; sourceTree = "<group>"; };
		516DB105233143F8000C1973 /* MovieModel.swift */ = {isa = PBXFileReference; lastKnownFileType = sourcecode.swift; path = MovieModel.swift; sourceTree = "<group>"; };
		516DB11C2331D7CB000C1973 /* Movie.xcdatamodel */ = {isa = PBXFileReference; lastKnownFileType = wrapper.xcdatamodel; path = Movie.xcdatamodel; sourceTree = "<group>"; };
		517BBE4F235A5D6D007CE353 /* CardView.swift */ = {isa = PBXFileReference; fileEncoding = 4; lastKnownFileType = sourcecode.swift; path = CardView.swift; sourceTree = "<group>"; };
		517BBE50235A5D6D007CE353 /* WidgetGenerator.swift */ = {isa = PBXFileReference; fileEncoding = 4; lastKnownFileType = sourcecode.swift; path = WidgetGenerator.swift; sourceTree = "<group>"; };
		517BBE51235A5D6E007CE353 /* Theme.swift */ = {isa = PBXFileReference; fileEncoding = 4; lastKnownFileType = sourcecode.swift; path = Theme.swift; sourceTree = "<group>"; };
		517BBE52235A5D6E007CE353 /* Dialog.swift */ = {isa = PBXFileReference; fileEncoding = 4; lastKnownFileType = sourcecode.swift; path = Dialog.swift; sourceTree = "<group>"; };
		517BBE53235A5D6E007CE353 /* LoadingIndicator.swift */ = {isa = PBXFileReference; fileEncoding = 4; lastKnownFileType = sourcecode.swift; path = LoadingIndicator.swift; sourceTree = "<group>"; };
		517BBE54235A5D6E007CE353 /* API.swift */ = {isa = PBXFileReference; fileEncoding = 4; lastKnownFileType = sourcecode.swift; path = API.swift; sourceTree = "<group>"; };
		517BBE55235A5D6E007CE353 /* NetworkUtil.swift */ = {isa = PBXFileReference; fileEncoding = 4; lastKnownFileType = sourcecode.swift; path = NetworkUtil.swift; sourceTree = "<group>"; };
		517BBE56235A5D6E007CE353 /* Reachability.swift */ = {isa = PBXFileReference; fileEncoding = 4; lastKnownFileType = sourcecode.swift; path = Reachability.swift; sourceTree = "<group>"; };
		517BBE57235A5D6E007CE353 /* UserDefaultsManager.swift */ = {isa = PBXFileReference; fileEncoding = 4; lastKnownFileType = sourcecode.swift; path = UserDefaultsManager.swift; sourceTree = "<group>"; };
		517BBE58235A5D6E007CE353 /* Extensions.swift */ = {isa = PBXFileReference; fileEncoding = 4; lastKnownFileType = sourcecode.swift; path = Extensions.swift; sourceTree = "<group>"; };
		517BBE59235A5D6F007CE353 /* Routes.swift */ = {isa = PBXFileReference; fileEncoding = 4; lastKnownFileType = sourcecode.swift; path = Routes.swift; sourceTree = "<group>"; };
		517BBE65235A5D9D007CE353 /* BaseModel.swift */ = {isa = PBXFileReference; fileEncoding = 4; lastKnownFileType = sourcecode.swift; path = BaseModel.swift; sourceTree = "<group>"; };
		517BBE66235A5D9D007CE353 /* AuthModel.swift */ = {isa = PBXFileReference; fileEncoding = 4; lastKnownFileType = sourcecode.swift; path = AuthModel.swift; sourceTree = "<group>"; };
		517BBE69235A5DB6007CE353 /* MovieVideoResponse.swift */ = {isa = PBXFileReference; fileEncoding = 4; lastKnownFileType = sourcecode.swift; path = MovieVideoResponse.swift; sourceTree = "<group>"; };
		517BBE6A235A5DB6007CE353 /* MovieListResponse.swift */ = {isa = PBXFileReference; fileEncoding = 4; lastKnownFileType = sourcecode.swift; path = MovieListResponse.swift; sourceTree = "<group>"; };
		517BBE6B235A5DB6007CE353 /* RequestTokenResponse.swift */ = {isa = PBXFileReference; fileEncoding = 4; lastKnownFileType = sourcecode.swift; path = RequestTokenResponse.swift; sourceTree = "<group>"; };
		517BBE6C235A5DB6007CE353 /* CreateSessionResponse.swift */ = {isa = PBXFileReference; fileEncoding = 4; lastKnownFileType = sourcecode.swift; path = CreateSessionResponse.swift; sourceTree = "<group>"; };
		517BBE6D235A5DB6007CE353 /* UserAccountResponse.swift */ = {isa = PBXFileReference; fileEncoding = 4; lastKnownFileType = sourcecode.swift; path = UserAccountResponse.swift; sourceTree = "<group>"; };
		517BBE6E235A5DB6007CE353 /* MovieGenreListResponse.swift */ = {isa = PBXFileReference; fileEncoding = 4; lastKnownFileType = sourcecode.swift; path = MovieGenreListResponse.swift; sourceTree = "<group>"; };
		517BBE6F235A5DB6007CE353 /* MovieBookmark.swift */ = {isa = PBXFileReference; fileEncoding = 4; lastKnownFileType = sourcecode.swift; path = MovieBookmark.swift; sourceTree = "<group>"; };
		517BBE70235A5DB7007CE353 /* MovieGenreResponse.swift */ = {isa = PBXFileReference; fileEncoding = 4; lastKnownFileType = sourcecode.swift; path = MovieGenreResponse.swift; sourceTree = "<group>"; };
		517BBE71235A5DB7007CE353 /* MovieInfoResponse.swift */ = {isa = PBXFileReference; fileEncoding = 4; lastKnownFileType = sourcecode.swift; path = MovieInfoResponse.swift; sourceTree = "<group>"; };
		517BBE7B235A5E08007CE353 /* UserProfileViewController.swift */ = {isa = PBXFileReference; fileEncoding = 4; lastKnownFileType = sourcecode.swift; path = UserProfileViewController.swift; sourceTree = "<group>"; };
		517BBE7C235A5E08007CE353 /* BookmarkViewController.swift */ = {isa = PBXFileReference; fileEncoding = 4; lastKnownFileType = sourcecode.swift; path = BookmarkViewController.swift; sourceTree = "<group>"; };
		517BBE7D235A5E08007CE353 /* SearchMovieViewController.swift */ = {isa = PBXFileReference; fileEncoding = 4; lastKnownFileType = sourcecode.swift; path = SearchMovieViewController.swift; sourceTree = "<group>"; };
		517BBE7E235A5E08007CE353 /* MovieTrailerViewController.swift */ = {isa = PBXFileReference; fileEncoding = 4; lastKnownFileType = sourcecode.swift; path = MovieTrailerViewController.swift; sourceTree = "<group>"; };
		517BBE7F235A5E09007CE353 /* GenreListViewController.swift */ = {isa = PBXFileReference; fileEncoding = 4; lastKnownFileType = sourcecode.swift; path = GenreListViewController.swift; sourceTree = "<group>"; };
		517BBE80235A5E09007CE353 /* MovieDetailsViewController.swift */ = {isa = PBXFileReference; fileEncoding = 4; lastKnownFileType = sourcecode.swift; path = MovieDetailsViewController.swift; sourceTree = "<group>"; };
		517BBE81235A5E09007CE353 /* MovieListByGenreViewController.swift */ = {isa = PBXFileReference; fileEncoding = 4; lastKnownFileType = sourcecode.swift; path = MovieListByGenreViewController.swift; sourceTree = "<group>"; };
		517BBE82235A5E09007CE353 /* MovieListViewController.swift */ = {isa = PBXFileReference; fileEncoding = 4; lastKnownFileType = sourcecode.swift; path = MovieListViewController.swift; sourceTree = "<group>"; };
		517BBE83235A5E09007CE353 /* LoginViewController.swift */ = {isa = PBXFileReference; fileEncoding = 4; lastKnownFileType = sourcecode.swift; path = LoginViewController.swift; sourceTree = "<group>"; };
		517BBE8D235A5E5C007CE353 /* BookmarkCollectionViewCell.swift */ = {isa = PBXFileReference; fileEncoding = 4; lastKnownFileType = sourcecode.swift; path = BookmarkCollectionViewCell.swift; sourceTree = "<group>"; };
		517BBE8E235A5E5D007CE353 /* GenreListTableViewCell.swift */ = {isa = PBXFileReference; fileEncoding = 4; lastKnownFileType = sourcecode.swift; path = GenreListTableViewCell.swift; sourceTree = "<group>"; };
		517BBE8F235A5E5D007CE353 /* MovieListCollectionViewCell.swift */ = {isa = PBXFileReference; fileEncoding = 4; lastKnownFileType = sourcecode.swift; path = MovieListCollectionViewCell.swift; sourceTree = "<group>"; };
		517BBE96235A5E75007CE353 /* MovieListView.xib */ = {isa = PBXFileReference; fileEncoding = 4; lastKnownFileType = file.xib; path = MovieListView.xib; sourceTree = "<group>"; };
		517BBE98235A5E75007CE353 /* MovieListView.swift */ = {isa = PBXFileReference; fileEncoding = 4; lastKnownFileType = sourcecode.swift; path = MovieListView.swift; sourceTree = "<group>"; };
		517BBE9B235A5E93007CE353 /* MovieBookmark+Extension.swift */ = {isa = PBXFileReference; fileEncoding = 4; lastKnownFileType = sourcecode.swift; path = "MovieBookmark+Extension.swift"; sourceTree = "<group>"; };
		517BBE9C235A5E94007CE353 /* MovieGenreVO+Extension.swift */ = {isa = PBXFileReference; fileEncoding = 4; lastKnownFileType = sourcecode.swift; path = "MovieGenreVO+Extension.swift"; sourceTree = "<group>"; };
		517BBE9D235A5E94007CE353 /* MovieVO+Extension.swift */ = {isa = PBXFileReference; fileEncoding = 4; lastKnownFileType = sourcecode.swift; path = "MovieVO+Extension.swift"; sourceTree = "<group>"; };
		517BBEA1235A5EBE007CE353 /* CoreDataStack.swift */ = {isa = PBXFileReference; fileEncoding = 4; lastKnownFileType = sourcecode.swift; path = CoreDataStack.swift; sourceTree = "<group>"; };
		517BBEA2235A5EBE007CE353 /* FetchResultControllerManager.swift */ = {isa = PBXFileReference; fileEncoding = 4; lastKnownFileType = sourcecode.swift; path = FetchResultControllerManager.swift; sourceTree = "<group>"; };
		517BBEA5235A77EE007CE353 /* MovieItemsCollectionViewCell.swift */ = {isa = PBXFileReference; lastKnownFileType = sourcecode.swift; path = MovieItemsCollectionViewCell.swift; sourceTree = "<group>"; };
		518A3BF7233333A60093ADA9 /* Movie_2.xcdatamodel */ = {isa = PBXFileReference; lastKnownFileType = wrapper.xcdatamodel; path = Movie_2.xcdatamodel; sourceTree = "<group>"; };
		518F5B2D2366D8E1000D6446 /* Navigator.swift */ = {isa = PBXFileReference; lastKnownFileType = sourcecode.swift; path = Navigator.swift; sourceTree = "<group>"; };
		518F5B2F2366DF55000D6446 /* UserModel.swift */ = {isa = PBXFileReference; lastKnownFileType = sourcecode.swift; path = UserModel.swift; sourceTree = "<group>"; };
		518F5B312366E6AF000D6446 /* GeneralResponse.swift */ = {isa = PBXFileReference; lastKnownFileType = sourcecode.swift; path = GeneralResponse.swift; sourceTree = "<group>"; };
		518F5B332366F79D000D6446 /* RatedMovie+Extensions.swift */ = {isa = PBXFileReference; lastKnownFileType = sourcecode.swift; path = "RatedMovie+Extensions.swift"; sourceTree = "<group>"; };
		518F5B352366F810000D6446 /* WatchListMovie+Extension.swift */ = {isa = PBXFileReference; lastKnownFileType = sourcecode.swift; path = "WatchListMovie+Extension.swift"; sourceTree = "<group>"; };
		6402E4E4FB1C13C9D44CD86D /* Pods-movie-core-data.debug.xcconfig */ = {isa = PBXFileReference; includeInIndex = 1; lastKnownFileType = text.xcconfig; name = "Pods-movie-core-data.debug.xcconfig"; path = "Target Support Files/Pods-movie-core-data/Pods-movie-core-data.debug.xcconfig"; sourceTree = "<group>"; };
		96CC51AC26AFCB96F19AC332 /* Pods_movie_core_data.framework */ = {isa = PBXFileReference; explicitFileType = wrapper.framework; includeInIndex = 0; path = Pods_movie_core_data.framework; sourceTree = BUILT_PRODUCTS_DIR; };
/* End PBXFileReference section */

/* Begin PBXFrameworksBuildPhase section */
		516DB0E923314296000C1973 /* Frameworks */ = {
			isa = PBXFrameworksBuildPhase;
			buildActionMask = 2147483647;
			files = (
				B666B6D467936C4463CD7BD2 /* Pods_movie_core_data.framework in Frameworks */,
			);
			runOnlyForDeploymentPostprocessing = 0;
		};
/* End PBXFrameworksBuildPhase section */

/* Begin PBXGroup section */
		0648922D26985CD254567DA5 /* Frameworks */ = {
			isa = PBXGroup;
			children = (
				96CC51AC26AFCB96F19AC332 /* Pods_movie_core_data.framework */,
			);
			name = Frameworks;
			sourceTree = "<group>";
		};
		51641B2C2333F3EF004AE5B7 /* extension */ = {
			isa = PBXGroup;
			children = (
				517BBE9B235A5E93007CE353 /* MovieBookmark+Extension.swift */,
				517BBE9C235A5E94007CE353 /* MovieGenreVO+Extension.swift */,
				517BBE9D235A5E94007CE353 /* MovieVO+Extension.swift */,
				518F5B332366F79D000D6446 /* RatedMovie+Extensions.swift */,
				518F5B352366F810000D6446 /* WatchListMovie+Extension.swift */,
			);
			path = extension;
			sourceTree = "<group>";
		};
		516DB0E323314296000C1973 = {
			isa = PBXGroup;
			children = (
				516DB0EE23314296000C1973 /* movie-core-data */,
				516DB0ED23314296000C1973 /* Products */,
				D33EF8B3F652596D30427A7A /* Pods */,
				0648922D26985CD254567DA5 /* Frameworks */,
			);
			sourceTree = "<group>";
		};
		516DB0ED23314296000C1973 /* Products */ = {
			isa = PBXGroup;
			children = (
				516DB0EC23314296000C1973 /* Movie.app */,
			);
			name = Products;
			sourceTree = "<group>";
		};
		516DB0EE23314296000C1973 /* movie-core-data */ = {
			isa = PBXGroup;
			children = (
				51641B2C2333F3EF004AE5B7 /* extension */,
				516DB10E23314ABA000C1973 /* network */,
				516DB10A2331446E000C1973 /* utils */,
				516DB10923314466000C1973 /* viewcontrollers */,
				516DB10B23314475000C1973 /* views */,
				516DB10723314458000C1973 /* model */,
				516DB0EF23314296000C1973 /* AppDelegate.swift */,
				516DB0F323314296000C1973 /* Main.storyboard */,
				516DB0F62331429C000C1973 /* Assets.xcassets */,
				516DB0F82331429C000C1973 /* LaunchScreen.storyboard */,
				516DB0FB2331429C000C1973 /* Info.plist */,
			);
			path = "movie-core-data";
			sourceTree = "<group>";
		};
		516DB10723314458000C1973 /* model */ = {
			isa = PBXGroup;
			children = (
				518F5B2F2366DF55000D6446 /* UserModel.swift */,
				517BBE66235A5D9D007CE353 /* AuthModel.swift */,
				517BBE65235A5D9D007CE353 /* BaseModel.swift */,
				516DB105233143F8000C1973 /* MovieModel.swift */,
				516DB1222331DC8E000C1973 /* coredata */,
				516DB11B2331D7CB000C1973 /* Movie.xcdatamodeld */,
				516DB10823314461000C1973 /* data */,
			);
			path = model;
			sourceTree = "<group>";
		};
		516DB10823314461000C1973 /* data */ = {
			isa = PBXGroup;
			children = (
			);
			path = data;
			sourceTree = "<group>";
		};
		516DB10923314466000C1973 /* viewcontrollers */ = {
			isa = PBXGroup;
			children = (
				517BBE7C235A5E08007CE353 /* BookmarkViewController.swift */,
				517BBE7F235A5E09007CE353 /* GenreListViewController.swift */,
				517BBE83235A5E09007CE353 /* LoginViewController.swift */,
				517BBE80235A5E09007CE353 /* MovieDetailsViewController.swift */,
				517BBE81235A5E09007CE353 /* MovieListByGenreViewController.swift */,
				517BBE82235A5E09007CE353 /* MovieListViewController.swift */,
				517BBE7E235A5E08007CE353 /* MovieTrailerViewController.swift */,
				517BBE7D235A5E08007CE353 /* SearchMovieViewController.swift */,
				517BBE7B235A5E08007CE353 /* UserProfileViewController.swift */,
			);
			path = viewcontrollers;
			sourceTree = "<group>";
		};
		516DB10A2331446E000C1973 /* utils */ = {
			isa = PBXGroup;
			children = (
				517BBE54235A5D6E007CE353 /* API.swift */,
				517BBE4F235A5D6D007CE353 /* CardView.swift */,
				517BBE52235A5D6E007CE353 /* Dialog.swift */,
				517BBE58235A5D6E007CE353 /* Extensions.swift */,
				517BBE53235A5D6E007CE353 /* LoadingIndicator.swift */,
				517BBE55235A5D6E007CE353 /* NetworkUtil.swift */,
				517BBE56235A5D6E007CE353 /* Reachability.swift */,
				517BBE59235A5D6F007CE353 /* Routes.swift */,
				517BBE51235A5D6E007CE353 /* Theme.swift */,
				517BBE57235A5D6E007CE353 /* UserDefaultsManager.swift */,
				517BBE50235A5D6D007CE353 /* WidgetGenerator.swift */,
				518F5B2D2366D8E1000D6446 /* Navigator.swift */,
			);
			path = utils;
			sourceTree = "<group>";
		};
		516DB10B23314475000C1973 /* views */ = {
			isa = PBXGroup;
			children = (
				517BBE94235A5E75007CE353 /* viewpods */,
				516DB11A23315468000C1973 /* cells */,
			);
			path = views;
			sourceTree = "<group>";
		};
		516DB10E23314ABA000C1973 /* network */ = {
			isa = PBXGroup;
			children = (
				516DB11123314AD8000C1973 /* response */,
			);
			path = network;
			sourceTree = "<group>";
		};
		516DB11123314AD8000C1973 /* response */ = {
			isa = PBXGroup;
			children = (
				517BBE6C235A5DB6007CE353 /* CreateSessionResponse.swift */,
				517BBE6F235A5DB6007CE353 /* MovieBookmark.swift */,
				517BBE6E235A5DB6007CE353 /* MovieGenreListResponse.swift */,
				517BBE70235A5DB7007CE353 /* MovieGenreResponse.swift */,
				517BBE71235A5DB7007CE353 /* MovieInfoResponse.swift */,
				517BBE6A235A5DB6007CE353 /* MovieListResponse.swift */,
				517BBE69235A5DB6007CE353 /* MovieVideoResponse.swift */,
				517BBE6B235A5DB6007CE353 /* RequestTokenResponse.swift */,
				517BBE6D235A5DB6007CE353 /* UserAccountResponse.swift */,
				518F5B312366E6AF000D6446 /* GeneralResponse.swift */,
			);
			path = response;
			sourceTree = "<group>";
		};
		516DB11A23315468000C1973 /* cells */ = {
			isa = PBXGroup;
			children = (
				517BBE8D235A5E5C007CE353 /* BookmarkCollectionViewCell.swift */,
				517BBE8E235A5E5D007CE353 /* GenreListTableViewCell.swift */,
				517BBE8F235A5E5D007CE353 /* MovieListCollectionViewCell.swift */,
				517BBEA5235A77EE007CE353 /* MovieItemsCollectionViewCell.swift */,
				517BBE90235A5E5D007CE353 /* xibs */,
			);
			path = cells;
			sourceTree = "<group>";
		};
		516DB1222331DC8E000C1973 /* coredata */ = {
			isa = PBXGroup;
			children = (
				517BBEA1235A5EBE007CE353 /* CoreDataStack.swift */,
				517BBEA2235A5EBE007CE353 /* FetchResultControllerManager.swift */,
			);
			path = coredata;
			sourceTree = "<group>";
		};
		517BBE90235A5E5D007CE353 /* xibs */ = {
			isa = PBXGroup;
			children = (
			);
			path = xibs;
			sourceTree = "<group>";
		};
		517BBE94235A5E75007CE353 /* viewpods */ = {
			isa = PBXGroup;
			children = (
				517BBE95235A5E75007CE353 /* xibs */,
				517BBE97235A5E75007CE353 /* swift */,
			);
			path = viewpods;
			sourceTree = "<group>";
		};
		517BBE95235A5E75007CE353 /* xibs */ = {
			isa = PBXGroup;
			children = (
				517BBE96235A5E75007CE353 /* MovieListView.xib */,
			);
			path = xibs;
			sourceTree = "<group>";
		};
		517BBE97235A5E75007CE353 /* swift */ = {
			isa = PBXGroup;
			children = (
				517BBE98235A5E75007CE353 /* MovieListView.swift */,
			);
			path = swift;
			sourceTree = "<group>";
		};
		D33EF8B3F652596D30427A7A /* Pods */ = {
			isa = PBXGroup;
			children = (
				6402E4E4FB1C13C9D44CD86D /* Pods-movie-core-data.debug.xcconfig */,
				11AD258DC3E04BDD16DEC66C /* Pods-movie-core-data.release.xcconfig */,
			);
			path = Pods;
			sourceTree = "<group>";
		};
/* End PBXGroup section */

/* Begin PBXNativeTarget section */
		516DB0EB23314296000C1973 /* movie-core-data */ = {
			isa = PBXNativeTarget;
			buildConfigurationList = 516DB0FE2331429C000C1973 /* Build configuration list for PBXNativeTarget "movie-core-data" */;
			buildPhases = (
				00A0DA495E79146F3D1E1C49 /* [CP] Check Pods Manifest.lock */,
				516DB0E823314296000C1973 /* Sources */,
				516DB0E923314296000C1973 /* Frameworks */,
				516DB0EA23314296000C1973 /* Resources */,
				922F775C4F211BDABE03F509 /* [CP] Embed Pods Frameworks */,
			);
			buildRules = (
			);
			dependencies = (
			);
			name = "movie-core-data";
			productName = "movie-core-data";
			productReference = 516DB0EC23314296000C1973 /* Movie.app */;
			productType = "com.apple.product-type.application";
		};
/* End PBXNativeTarget section */

/* Begin PBXProject section */
		516DB0E423314296000C1973 /* Project object */ = {
			isa = PBXProject;
			attributes = {
				LastSwiftUpdateCheck = 1030;
				LastUpgradeCheck = 1030;
				ORGANIZATIONNAME = padc;
				TargetAttributes = {
					516DB0EB23314296000C1973 = {
						CreatedOnToolsVersion = 10.3;
					};
				};
			};
			buildConfigurationList = 516DB0E723314296000C1973 /* Build configuration list for PBXProject "movie-core-data" */;
			compatibilityVersion = "Xcode 9.3";
			developmentRegion = en;
			hasScannedForEncodings = 0;
			knownRegions = (
				en,
				Base,
			);
			mainGroup = 516DB0E323314296000C1973;
			productRefGroup = 516DB0ED23314296000C1973 /* Products */;
			projectDirPath = "";
			projectRoot = "";
			targets = (
				516DB0EB23314296000C1973 /* movie-core-data */,
			);
		};
/* End PBXProject section */

/* Begin PBXResourcesBuildPhase section */
		516DB0EA23314296000C1973 /* Resources */ = {
			isa = PBXResourcesBuildPhase;
			buildActionMask = 2147483647;
			files = (
				516DB0FA2331429C000C1973 /* LaunchScreen.storyboard in Resources */,
				517BBE99235A5E75007CE353 /* MovieListView.xib in Resources */,
				516DB0F72331429C000C1973 /* Assets.xcassets in Resources */,
				516DB0F523314296000C1973 /* Main.storyboard in Resources */,
			);
			runOnlyForDeploymentPostprocessing = 0;
		};
/* End PBXResourcesBuildPhase section */

/* Begin PBXShellScriptBuildPhase section */
		00A0DA495E79146F3D1E1C49 /* [CP] Check Pods Manifest.lock */ = {
			isa = PBXShellScriptBuildPhase;
			buildActionMask = 2147483647;
			files = (
			);
			inputFileListPaths = (
			);
			inputPaths = (
				"${PODS_PODFILE_DIR_PATH}/Podfile.lock",
				"${PODS_ROOT}/Manifest.lock",
			);
			name = "[CP] Check Pods Manifest.lock";
			outputFileListPaths = (
			);
			outputPaths = (
				"$(DERIVED_FILE_DIR)/Pods-movie-core-data-checkManifestLockResult.txt",
			);
			runOnlyForDeploymentPostprocessing = 0;
			shellPath = /bin/sh;
			shellScript = "diff \"${PODS_PODFILE_DIR_PATH}/Podfile.lock\" \"${PODS_ROOT}/Manifest.lock\" > /dev/null\nif [ $? != 0 ] ; then\n    # print error to STDERR\n    echo \"error: The sandbox is not in sync with the Podfile.lock. Run 'pod install' or update your CocoaPods installation.\" >&2\n    exit 1\nfi\n# This output is used by Xcode 'outputs' to avoid re-running this script phase.\necho \"SUCCESS\" > \"${SCRIPT_OUTPUT_FILE_0}\"\n";
			showEnvVarsInLog = 0;
		};
		922F775C4F211BDABE03F509 /* [CP] Embed Pods Frameworks */ = {
			isa = PBXShellScriptBuildPhase;
			buildActionMask = 2147483647;
			files = (
			);
			inputFileListPaths = (
				"${PODS_ROOT}/Target Support Files/Pods-movie-core-data/Pods-movie-core-data-frameworks-${CONFIGURATION}-input-files.xcfilelist",
			);
			name = "[CP] Embed Pods Frameworks";
			outputFileListPaths = (
				"${PODS_ROOT}/Target Support Files/Pods-movie-core-data/Pods-movie-core-data-frameworks-${CONFIGURATION}-output-files.xcfilelist",
			);
			runOnlyForDeploymentPostprocessing = 0;
			shellPath = /bin/sh;
			shellScript = "\"${PODS_ROOT}/Target Support Files/Pods-movie-core-data/Pods-movie-core-data-frameworks.sh\"\n";
			showEnvVarsInLog = 0;
		};
/* End PBXShellScriptBuildPhase section */

/* Begin PBXSourcesBuildPhase section */
		516DB0E823314296000C1973 /* Sources */ = {
			isa = PBXSourcesBuildPhase;
			buildActionMask = 2147483647;
			files = (
				517BBE7A235A5DB7007CE353 /* MovieInfoResponse.swift in Sources */,
				517BBE78235A5DB7007CE353 /* MovieBookmark.swift in Sources */,
				517BBE88235A5E09007CE353 /* GenreListViewController.swift in Sources */,
				517BBE9A235A5E75007CE353 /* MovieListView.swift in Sources */,
				517BBE75235A5DB7007CE353 /* CreateSessionResponse.swift in Sources */,
				517BBE62235A5D6F007CE353 /* UserDefaultsManager.swift in Sources */,
				516DB106233143F8000C1973 /* MovieModel.swift in Sources */,
				517BBEA4235A5EBE007CE353 /* FetchResultControllerManager.swift in Sources */,
				518F5B302366DF55000D6446 /* UserModel.swift in Sources */,
				517BBEA0235A5E94007CE353 /* MovieVO+Extension.swift in Sources */,
				517BBE5D235A5D6F007CE353 /* Dialog.swift in Sources */,
				517BBE64235A5D6F007CE353 /* Routes.swift in Sources */,
				518F5B2E2366D8E1000D6446 /* Navigator.swift in Sources */,
				517BBE5E235A5D6F007CE353 /* LoadingIndicator.swift in Sources */,
				517BBE8B235A5E09007CE353 /* MovieListViewController.swift in Sources */,
				517BBE72235A5DB7007CE353 /* MovieVideoResponse.swift in Sources */,
				517BBE5C235A5D6F007CE353 /* Theme.swift in Sources */,
				517BBE85235A5E09007CE353 /* BookmarkViewController.swift in Sources */,
				517BBE9E235A5E94007CE353 /* MovieBookmark+Extension.swift in Sources */,
				517BBE91235A5E5D007CE353 /* BookmarkCollectionViewCell.swift in Sources */,
				517BBE8A235A5E09007CE353 /* MovieListByGenreViewController.swift in Sources */,
				517BBE77235A5DB7007CE353 /* MovieGenreListResponse.swift in Sources */,
				517BBE76235A5DB7007CE353 /* UserAccountResponse.swift in Sources */,
				517BBE86235A5E09007CE353 /* SearchMovieViewController.swift in Sources */,
				517BBEA6235A77EE007CE353 /* MovieItemsCollectionViewCell.swift in Sources */,
				517BBEA3235A5EBE007CE353 /* CoreDataStack.swift in Sources */,
				517BBE63235A5D6F007CE353 /* Extensions.swift in Sources */,
				517BBE93235A5E5D007CE353 /* MovieListCollectionViewCell.swift in Sources */,
				517BBE89235A5E09007CE353 /* MovieDetailsViewController.swift in Sources */,
				517BBE60235A5D6F007CE353 /* NetworkUtil.swift in Sources */,
				517BBE8C235A5E09007CE353 /* LoginViewController.swift in Sources */,
				517BBE67235A5D9D007CE353 /* BaseModel.swift in Sources */,
				517BBE79235A5DB7007CE353 /* MovieGenreResponse.swift in Sources */,
				518F5B362366F810000D6446 /* WatchListMovie+Extension.swift in Sources */,
				518F5B342366F79D000D6446 /* RatedMovie+Extensions.swift in Sources */,
				516DB0F023314296000C1973 /* AppDelegate.swift in Sources */,
				517BBE9F235A5E94007CE353 /* MovieGenreVO+Extension.swift in Sources */,
				516DB11D2331D7CB000C1973 /* Movie.xcdatamodeld in Sources */,
				517BBE92235A5E5D007CE353 /* GenreListTableViewCell.swift in Sources */,
				517BBE84235A5E09007CE353 /* UserProfileViewController.swift in Sources */,
				517BBE74235A5DB7007CE353 /* RequestTokenResponse.swift in Sources */,
				517BBE87235A5E09007CE353 /* MovieTrailerViewController.swift in Sources */,
				517BBE5F235A5D6F007CE353 /* API.swift in Sources */,
				517BBE5A235A5D6F007CE353 /* CardView.swift in Sources */,
				517BBE5B235A5D6F007CE353 /* WidgetGenerator.swift in Sources */,
				518F5B322366E6AF000D6446 /* GeneralResponse.swift in Sources */,
				517BBE61235A5D6F007CE353 /* Reachability.swift in Sources */,
				517BBE73235A5DB7007CE353 /* MovieListResponse.swift in Sources */,
				517BBE68235A5D9D007CE353 /* AuthModel.swift in Sources */,
			);
			runOnlyForDeploymentPostprocessing = 0;
		};
/* End PBXSourcesBuildPhase section */

/* Begin PBXVariantGroup section */
		516DB0F323314296000C1973 /* Main.storyboard */ = {
			isa = PBXVariantGroup;
			children = (
				516DB0F423314296000C1973 /* Base */,
			);
			name = Main.storyboard;
			sourceTree = "<group>";
		};
		516DB0F82331429C000C1973 /* LaunchScreen.storyboard */ = {
			isa = PBXVariantGroup;
			children = (
				516DB0F92331429C000C1973 /* Base */,
			);
			name = LaunchScreen.storyboard;
			sourceTree = "<group>";
		};
/* End PBXVariantGroup section */

/* Begin XCBuildConfiguration section */
		516DB0FC2331429C000C1973 /* Debug */ = {
			isa = XCBuildConfiguration;
			buildSettings = {
				ALWAYS_SEARCH_USER_PATHS = NO;
				CLANG_ANALYZER_NONNULL = YES;
				CLANG_ANALYZER_NUMBER_OBJECT_CONVERSION = YES_AGGRESSIVE;
				CLANG_CXX_LANGUAGE_STANDARD = "gnu++14";
				CLANG_CXX_LIBRARY = "libc++";
				CLANG_ENABLE_MODULES = YES;
				CLANG_ENABLE_OBJC_ARC = YES;
				CLANG_ENABLE_OBJC_WEAK = YES;
				CLANG_WARN_BLOCK_CAPTURE_AUTORELEASING = YES;
				CLANG_WARN_BOOL_CONVERSION = YES;
				CLANG_WARN_COMMA = YES;
				CLANG_WARN_CONSTANT_CONVERSION = YES;
				CLANG_WARN_DEPRECATED_OBJC_IMPLEMENTATIONS = YES;
				CLANG_WARN_DIRECT_OBJC_ISA_USAGE = YES_ERROR;
				CLANG_WARN_DOCUMENTATION_COMMENTS = YES;
				CLANG_WARN_EMPTY_BODY = YES;
				CLANG_WARN_ENUM_CONVERSION = YES;
				CLANG_WARN_INFINITE_RECURSION = YES;
				CLANG_WARN_INT_CONVERSION = YES;
				CLANG_WARN_NON_LITERAL_NULL_CONVERSION = YES;
				CLANG_WARN_OBJC_IMPLICIT_RETAIN_SELF = YES;
				CLANG_WARN_OBJC_LITERAL_CONVERSION = YES;
				CLANG_WARN_OBJC_ROOT_CLASS = YES_ERROR;
				CLANG_WARN_RANGE_LOOP_ANALYSIS = YES;
				CLANG_WARN_STRICT_PROTOTYPES = YES;
				CLANG_WARN_SUSPICIOUS_MOVE = YES;
				CLANG_WARN_UNGUARDED_AVAILABILITY = YES_AGGRESSIVE;
				CLANG_WARN_UNREACHABLE_CODE = YES;
				CLANG_WARN__DUPLICATE_METHOD_MATCH = YES;
				CODE_SIGN_IDENTITY = "iPhone Developer";
				COPY_PHASE_STRIP = NO;
				DEBUG_INFORMATION_FORMAT = dwarf;
				ENABLE_STRICT_OBJC_MSGSEND = YES;
				ENABLE_TESTABILITY = YES;
				GCC_C_LANGUAGE_STANDARD = gnu11;
				GCC_DYNAMIC_NO_PIC = NO;
				GCC_NO_COMMON_BLOCKS = YES;
				GCC_OPTIMIZATION_LEVEL = 0;
				GCC_PREPROCESSOR_DEFINITIONS = (
					"DEBUG=1",
					"$(inherited)",
				);
				GCC_WARN_64_TO_32_BIT_CONVERSION = YES;
				GCC_WARN_ABOUT_RETURN_TYPE = YES_ERROR;
				GCC_WARN_UNDECLARED_SELECTOR = YES;
				GCC_WARN_UNINITIALIZED_AUTOS = YES_AGGRESSIVE;
				GCC_WARN_UNUSED_FUNCTION = YES;
				GCC_WARN_UNUSED_VARIABLE = YES;
				IPHONEOS_DEPLOYMENT_TARGET = 12.4;
				MTL_ENABLE_DEBUG_INFO = INCLUDE_SOURCE;
				MTL_FAST_MATH = YES;
				ONLY_ACTIVE_ARCH = YES;
				SDKROOT = iphoneos;
				SWIFT_ACTIVE_COMPILATION_CONDITIONS = DEBUG;
				SWIFT_OPTIMIZATION_LEVEL = "-Onone";
				SWIFT_VERSION = 5.0;
			};
			name = Debug;
		};
		516DB0FD2331429C000C1973 /* Release */ = {
			isa = XCBuildConfiguration;
			buildSettings = {
				ALWAYS_SEARCH_USER_PATHS = NO;
				CLANG_ANALYZER_NONNULL = YES;
				CLANG_ANALYZER_NUMBER_OBJECT_CONVERSION = YES_AGGRESSIVE;
				CLANG_CXX_LANGUAGE_STANDARD = "gnu++14";
				CLANG_CXX_LIBRARY = "libc++";
				CLANG_ENABLE_MODULES = YES;
				CLANG_ENABLE_OBJC_ARC = YES;
				CLANG_ENABLE_OBJC_WEAK = YES;
				CLANG_WARN_BLOCK_CAPTURE_AUTORELEASING = YES;
				CLANG_WARN_BOOL_CONVERSION = YES;
				CLANG_WARN_COMMA = YES;
				CLANG_WARN_CONSTANT_CONVERSION = YES;
				CLANG_WARN_DEPRECATED_OBJC_IMPLEMENTATIONS = YES;
				CLANG_WARN_DIRECT_OBJC_ISA_USAGE = YES_ERROR;
				CLANG_WARN_DOCUMENTATION_COMMENTS = YES;
				CLANG_WARN_EMPTY_BODY = YES;
				CLANG_WARN_ENUM_CONVERSION = YES;
				CLANG_WARN_INFINITE_RECURSION = YES;
				CLANG_WARN_INT_CONVERSION = YES;
				CLANG_WARN_NON_LITERAL_NULL_CONVERSION = YES;
				CLANG_WARN_OBJC_IMPLICIT_RETAIN_SELF = YES;
				CLANG_WARN_OBJC_LITERAL_CONVERSION = YES;
				CLANG_WARN_OBJC_ROOT_CLASS = YES_ERROR;
				CLANG_WARN_RANGE_LOOP_ANALYSIS = YES;
				CLANG_WARN_STRICT_PROTOTYPES = YES;
				CLANG_WARN_SUSPICIOUS_MOVE = YES;
				CLANG_WARN_UNGUARDED_AVAILABILITY = YES_AGGRESSIVE;
				CLANG_WARN_UNREACHABLE_CODE = YES;
				CLANG_WARN__DUPLICATE_METHOD_MATCH = YES;
				CODE_SIGN_IDENTITY = "iPhone Developer";
				COPY_PHASE_STRIP = NO;
				DEBUG_INFORMATION_FORMAT = "dwarf-with-dsym";
				ENABLE_NS_ASSERTIONS = NO;
				ENABLE_STRICT_OBJC_MSGSEND = YES;
				GCC_C_LANGUAGE_STANDARD = gnu11;
				GCC_NO_COMMON_BLOCKS = YES;
				GCC_WARN_64_TO_32_BIT_CONVERSION = YES;
				GCC_WARN_ABOUT_RETURN_TYPE = YES_ERROR;
				GCC_WARN_UNDECLARED_SELECTOR = YES;
				GCC_WARN_UNINITIALIZED_AUTOS = YES_AGGRESSIVE;
				GCC_WARN_UNUSED_FUNCTION = YES;
				GCC_WARN_UNUSED_VARIABLE = YES;
				IPHONEOS_DEPLOYMENT_TARGET = 12.4;
				MTL_ENABLE_DEBUG_INFO = NO;
				MTL_FAST_MATH = YES;
				SDKROOT = iphoneos;
				SWIFT_COMPILATION_MODE = wholemodule;
				SWIFT_OPTIMIZATION_LEVEL = "-O";
				SWIFT_VERSION = 5.0;
				VALIDATE_PRODUCT = YES;
			};
			name = Release;
		};
		516DB0FF2331429C000C1973 /* Debug */ = {
			isa = XCBuildConfiguration;
			baseConfigurationReference = 6402E4E4FB1C13C9D44CD86D /* Pods-movie-core-data.debug.xcconfig */;
			buildSettings = {
				ASSETCATALOG_COMPILER_APPICON_NAME = AppIcon;
				CODE_SIGN_STYLE = Automatic;
				DEVELOPMENT_TEAM = 89V2ZL7PL7;
				INFOPLIST_FILE = "movie-core-data/Info.plist";
				IPHONEOS_DEPLOYMENT_TARGET = 13.0;
				LD_RUNPATH_SEARCH_PATHS = (
					"$(inherited)",
					"@executable_path/Frameworks",
				);
				PRODUCT_BUNDLE_IDENTIFIER = "com.mm.padc.movie-core-data";
				PRODUCT_NAME = Movie;
				SWIFT_VERSION = 5.0;
				TARGETED_DEVICE_FAMILY = "1,2";
			};
			name = Debug;
		};
		516DB1002331429C000C1973 /* Release */ = {
			isa = XCBuildConfiguration;
			baseConfigurationReference = 11AD258DC3E04BDD16DEC66C /* Pods-movie-core-data.release.xcconfig */;
			buildSettings = {
				ASSETCATALOG_COMPILER_APPICON_NAME = AppIcon;
				CODE_SIGN_STYLE = Automatic;
				DEVELOPMENT_TEAM = 89V2ZL7PL7;
				INFOPLIST_FILE = "movie-core-data/Info.plist";
				IPHONEOS_DEPLOYMENT_TARGET = 13.0;
				LD_RUNPATH_SEARCH_PATHS = (
					"$(inherited)",
					"@executable_path/Frameworks",
				);
				PRODUCT_BUNDLE_IDENTIFIER = "com.mm.padc.movie-core-data";
				PRODUCT_NAME = Movie;
				SWIFT_VERSION = 5.0;
				TARGETED_DEVICE_FAMILY = "1,2";
			};
			name = Release;
		};
/* End XCBuildConfiguration section */

/* Begin XCConfigurationList section */
		516DB0E723314296000C1973 /* Build configuration list for PBXProject "movie-core-data" */ = {
			isa = XCConfigurationList;
			buildConfigurations = (
				516DB0FC2331429C000C1973 /* Debug */,
				516DB0FD2331429C000C1973 /* Release */,
			);
			defaultConfigurationIsVisible = 0;
			defaultConfigurationName = Release;
		};
		516DB0FE2331429C000C1973 /* Build configuration list for PBXNativeTarget "movie-core-data" */ = {
			isa = XCConfigurationList;
			buildConfigurations = (
				516DB0FF2331429C000C1973 /* Debug */,
				516DB1002331429C000C1973 /* Release */,
			);
			defaultConfigurationIsVisible = 0;
			defaultConfigurationName = Release;
		};
/* End XCConfigurationList section */

/* Begin XCVersionGroup section */
		516DB11B2331D7CB000C1973 /* Movie.xcdatamodeld */ = {
			isa = XCVersionGroup;
			children = (
				518A3BF7233333A60093ADA9 /* Movie_2.xcdatamodel */,
				516DB11C2331D7CB000C1973 /* Movie.xcdatamodel */,
			);
			currentVersion = 518A3BF7233333A60093ADA9 /* Movie_2.xcdatamodel */;
			path = Movie.xcdatamodeld;
			sourceTree = "<group>";
			versionGroupType = wrapper.xcdatamodel;
		};
/* End XCVersionGroup section */
	};
	rootObject = 516DB0E423314296000C1973 /* Project object */;
}
